
Microsoft Visual Studio Solution File, Format Version 12.00
# Visual Studio Version 17
VisualStudioVersion = 17.1.32210.238
MinimumVisualStudioVersion = 10.0.40219.1
Project("{2150E333-8FDC-42A3-9474-1A3956D46DE8}") = "tests", "tests", "{80A0FA2C-E683-4E8E-87DF-6E146601CD72}"
EndProject
Project("{9A19103F-16F7-4668-BE54-9A1E7A4F7556}") = "Prometh", "src\Prometh\Prometh.csproj", "{17AC7181-FE17-46A1-ACF0-9268CCD0D791}"
EndProject
Project("{9A19103F-16F7-4668-BE54-9A1E7A4F7556}") = "Prometh.Tests", "tests\Prometh.Tests.csproj", "{A2865B0A-639A-4778-916C-F7C972AAF162}"
EndProject
Project("{2150E333-8FDC-42A3-9474-1A3956D46DE8}") = "docs", "docs", "{AE9BDA72-129C-4025-8466-8B7A4D16781E}"
	ProjectSection(SolutionItems) = preProject
		LICENSE = LICENSE
		README.md = README.md
	EndProjectSection
EndProject
Project("{2150E333-8FDC-42A3-9474-1A3956D46DE8}") = "resources", "resources", "{8447F775-B806-4934-B6D1-6A98C17C61CC}"
	ProjectSection(SolutionItems) = preProject
		resources\prometh-logo.png = resources\prometh-logo.png
		resources\README.md = resources\README.md
	EndProjectSection
EndProject
Global
	GlobalSection(SolutionConfigurationPlatforms) = preSolution
		Debug|Any CPU = Debug|Any CPU
		Release|Any CPU = Release|Any CPU
	EndGlobalSection
	GlobalSection(ProjectConfigurationPlatforms) = postSolution
		{17AC7181-FE17-46A1-ACF0-9268CCD0D791}.Debug|Any CPU.ActiveCfg = Debug|Any CPU
		{17AC7181-FE17-46A1-ACF0-9268CCD0D791}.Debug|Any CPU.Build.0 = Debug|Any CPU
		{17AC7181-FE17-46A1-ACF0-9268CCD0D791}.Release|Any CPU.ActiveCfg = Release|Any CPU
		{17AC7181-FE17-46A1-ACF0-9268CCD0D791}.Release|Any CPU.Build.0 = Release|Any CPU
		{A2865B0A-639A-4778-916C-F7C972AAF162}.Debug|Any CPU.ActiveCfg = Debug|Any CPU
		{A2865B0A-639A-4778-916C-F7C972AAF162}.Debug|Any CPU.Build.0 = Debug|Any CPU
		{A2865B0A-639A-4778-916C-F7C972AAF162}.Release|Any CPU.ActiveCfg = Release|Any CPU
		{A2865B0A-639A-4778-916C-F7C972AAF162}.Release|Any CPU.Build.0 = Release|Any CPU
	EndGlobalSection
	GlobalSection(SolutionProperties) = preSolution
		HideSolutionNode = FALSE
	EndGlobalSection
	GlobalSection(NestedProjects) = preSolution
		{A2865B0A-639A-4778-916C-F7C972AAF162} = {80A0FA2C-E683-4E8E-87DF-6E146601CD72}
	EndGlobalSection
	GlobalSection(ExtensibilityGlobals) = postSolution
		SolutionGuid = {353F0700-3EE3-47F8-AEE8-01B6F6250E01}
	EndGlobalSection
EndGlobal
